
Microsoft Visual Studio Solution File, Format Version 12.00
# Visual Studio Version 17
VisualStudioVersion = 17.9.34902.65
MinimumVisualStudioVersion = 10.0.40219.1
Project("{9A19103F-16F7-4668-BE54-9A1E7A4F7556}") = "QrTailor", "QrTailor\QrTailor.csproj", "{BA7E468E-A02B-40D8-BE40-AE246E8A9CF9}"
EndProject
Project("{9A19103F-16F7-4668-BE54-9A1E7A4F7556}") = "QrTailor.Application", "QrTailor.Application\QrTailor.Application.csproj", "{94C20105-CD2C-45E8-B271-950C2C0C27AB}"
EndProject
Project("{9A19103F-16F7-4668-BE54-9A1E7A4F7556}") = "QrTailor.Domain", "QrTailor.Domain\QrTailor.Domain.csproj", "{DF5C23A6-B296-4BC2-BB49-DF58CADAEC23}"
EndProject
Project("{9A19103F-16F7-4668-BE54-9A1E7A4F7556}") = "QrTailor.Infrastructure", "QrTailor.Infrastructure\QrTailor.Infrastructure.csproj", "{1D43FBC8-7867-4CD0-B5EF-7759E3D06381}"
EndProject
Project("{9A19103F-16F7-4668-BE54-9A1E7A4F7556}") = "QrTailor.Persistance", "QrTailor.Persistance\QrTailor.Persistance.csproj", "{283FD1EE-A42B-437C-B7EB-68EE18CA14F4}"
EndProject
Global
	GlobalSection(SolutionConfigurationPlatforms) = preSolution
		Debug|Any CPU = Debug|Any CPU
		Release|Any CPU = Release|Any CPU
	EndGlobalSection
	GlobalSection(ProjectConfigurationPlatforms) = postSolution
		{BA7E468E-A02B-40D8-BE40-AE246E8A9CF9}.Debug|Any CPU.ActiveCfg = Debug|Any CPU
		{BA7E468E-A02B-40D8-BE40-AE246E8A9CF9}.Debug|Any CPU.Build.0 = Debug|Any CPU
		{BA7E468E-A02B-40D8-BE40-AE246E8A9CF9}.Release|Any CPU.ActiveCfg = Release|Any CPU
		{BA7E468E-A02B-40D8-BE40-AE246E8A9CF9}.Release|Any CPU.Build.0 = Release|Any CPU
		{94C20105-CD2C-45E8-B271-950C2C0C27AB}.Debug|Any CPU.ActiveCfg = Debug|Any CPU
		{94C20105-CD2C-45E8-B271-950C2C0C27AB}.Debug|Any CPU.Build.0 = Debug|Any CPU
		{94C20105-CD2C-45E8-B271-950C2C0C27AB}.Release|Any CPU.ActiveCfg = Release|Any CPU
		{94C20105-CD2C-45E8-B271-950C2C0C27AB}.Release|Any CPU.Build.0 = Release|Any CPU
		{DF5C23A6-B296-4BC2-BB49-DF58CADAEC23}.Debug|Any CPU.ActiveCfg = Debug|Any CPU
		{DF5C23A6-B296-4BC2-BB49-DF58CADAEC23}.Debug|Any CPU.Build.0 = Debug|Any CPU
		{DF5C23A6-B296-4BC2-BB49-DF58CADAEC23}.Release|Any CPU.ActiveCfg = Release|Any CPU
		{DF5C23A6-B296-4BC2-BB49-DF58CADAEC23}.Release|Any CPU.Build.0 = Release|Any CPU
		{1D43FBC8-7867-4CD0-B5EF-7759E3D06381}.Debug|Any CPU.ActiveCfg = Debug|Any CPU
		{1D43FBC8-7867-4CD0-B5EF-7759E3D06381}.Debug|Any CPU.Build.0 = Debug|Any CPU
		{1D43FBC8-7867-4CD0-B5EF-7759E3D06381}.Release|Any CPU.ActiveCfg = Release|Any CPU
		{1D43FBC8-7867-4CD0-B5EF-7759E3D06381}.Release|Any CPU.Build.0 = Release|Any CPU
		{283FD1EE-A42B-437C-B7EB-68EE18CA14F4}.Debug|Any CPU.ActiveCfg = Debug|Any CPU
		{283FD1EE-A42B-437C-B7EB-68EE18CA14F4}.Debug|Any CPU.Build.0 = Debug|Any CPU
		{283FD1EE-A42B-437C-B7EB-68EE18CA14F4}.Release|Any CPU.ActiveCfg = Release|Any CPU
		{283FD1EE-A42B-437C-B7EB-68EE18CA14F4}.Release|Any CPU.Build.0 = Release|Any CPU
	EndGlobalSection
	GlobalSection(SolutionProperties) = preSolution
		HideSolutionNode = FALSE
	EndGlobalSection
	GlobalSection(ExtensibilityGlobals) = postSolution
		SolutionGuid = {45EA3499-8EFD-44B1-AE5D-E1ADFCB75084}
	EndGlobalSection
EndGlobal
